[{<<"active">>,
  {git,"git://github.com/synrc/active",
       {ref,"fcc0bc9a30d163e5b51c1dd5efba89b4ac988c99"}},
  0},
 {<<"fs">>,
  {git,"git://github.com/synrc/fs",
       {ref,"d06fa279e0e9b0a1bf90a9cc838b754d72c08d56"}},
  1},
 {<<"mad">>,
  {git,"git://github.com/synrc/mad",
       {ref,"419450295cd8f0b5daa424cf782d862f62c2dfeb"}},
  1},
 {<<"sh">>,
  {git,"git://github.com/synrc/sh",
       {ref,"8bff94e67aba9a6583a820a5a8b314c8dac7af48"}},
  2}].
